
Microsoft Visual Studio Solution File, Format Version 12.00
# Visual Studio 15
VisualStudioVersion = 15.0.27428.2043
MinimumVisualStudioVersion = 10.0.40219.1
Project("{FAE04EC0-301F-11D3-BF4B-00C04F79EFBC}") = "asinDemo01", "asinDemo01\asinDemo01.csproj", "{67573E96-9F53-417A-9DE4-16CFB5CE535A}"
EndProject
Global
	GlobalSection(SolutionConfigurationPlatforms) = preSolution
		Debug|Any CPU = Debug|Any CPU
		Release|Any CPU = Release|Any CPU
	EndGlobalSection
	GlobalSection(ProjectConfigurationPlatforms) = postSolution
		{67573E96-9F53-417A-9DE4-16CFB5CE535A}.Debug|Any CPU.ActiveCfg = Debug|Any CPU
		{67573E96-9F53-417A-9DE4-16CFB5CE535A}.Debug|Any CPU.Build.0 = Debug|Any CPU
		{67573E96-9F53-417A-9DE4-16CFB5CE535A}.Release|Any CPU.ActiveCfg = Release|Any CPU
		{67573E96-9F53-417A-9DE4-16CFB5CE535A}.Release|Any CPU.Build.0 = Release|Any CPU
	EndGlobalSection
	GlobalSection(SolutionProperties) = preSolution
		HideSolutionNode = FALSE
	EndGlobalSection
	GlobalSection(ExtensibilityGlobals) = postSolution
		SolutionGuid = {C9971E20-AF1A-4E11-BCA7-60A69FCFFF5C}
	EndGlobalSection
EndGlobal
