
Microsoft Visual Studio Solution File, Format Version 12.00
# Visual Studio 15
VisualStudioVersion = 15.0.27428.2043
MinimumVisualStudioVersion = 10.0.40219.1
Project("{FAE04EC0-301F-11D3-BF4B-00C04F79EFBC}") = "Demo03", "Demo03\Demo03.csproj", "{20E6473C-F4A7-42C6-8073-7FF99C273245}"
EndProject
Global
	GlobalSection(SolutionConfigurationPlatforms) = preSolution
		Debug|Any CPU = Debug|Any CPU
		Release|Any CPU = Release|Any CPU
	EndGlobalSection
	GlobalSection(ProjectConfigurationPlatforms) = postSolution
		{20E6473C-F4A7-42C6-8073-7FF99C273245}.Debug|Any CPU.ActiveCfg = Debug|Any CPU
		{20E6473C-F4A7-42C6-8073-7FF99C273245}.Debug|Any CPU.Build.0 = Debug|Any CPU
		{20E6473C-F4A7-42C6-8073-7FF99C273245}.Release|Any CPU.ActiveCfg = Release|Any CPU
		{20E6473C-F4A7-42C6-8073-7FF99C273245}.Release|Any CPU.Build.0 = Release|Any CPU
	EndGlobalSection
	GlobalSection(SolutionProperties) = preSolution
		HideSolutionNode = FALSE
	EndGlobalSection
	GlobalSection(ExtensibilityGlobals) = postSolution
		SolutionGuid = {C93EEC1D-3A1B-433D-A7A2-CC9B191A5A13}
	EndGlobalSection
EndGlobal
